
Microsoft Visual Studio Solution File, Format Version 12.00
# Visual Studio Version 17
VisualStudioVersion = 17.5.33424.131
MinimumVisualStudioVersion = 10.0.40219.1
Project("{9A19103F-16F7-4668-BE54-9A1E7A4F7556}") = "MedQ.Infra.IoC", "MedQ.Infra.IoC\MedQ.Infra.IoC.csproj", "{7BFED330-62FF-4FCA-ACAC-0653E0B1146E}"
EndProject
Project("{9A19103F-16F7-4668-BE54-9A1E7A4F7556}") = "MedQ.Infra.Data", "MedQ.Infra.Data\MedQ.Infra.Data.csproj", "{87E517FF-C257-43CA-97E2-3AAE2BDB1D0A}"
EndProject
Project("{9A19103F-16F7-4668-BE54-9A1E7A4F7556}") = "MedQ.Domain", "MedQ.Domain\MedQ.Domain.csproj", "{D7B01E70-31CC-4D2E-A5F9-B7F83EDB6C78}"
EndProject
Project("{9A19103F-16F7-4668-BE54-9A1E7A4F7556}") = "MedQ.Application", "MedQ.Application\MedQ.Application.csproj", "{DCDC953D-A8DC-49B7-877F-F59BAAFEA73E}"
EndProject
Project("{9A19103F-16F7-4668-BE54-9A1E7A4F7556}") = "MedQ.API", "MedQ.API\MedQ.API.csproj", "{6A6FB8B4-F2A6-4D16-95BB-F20288F39AD2}"
EndProject
Project("{E53339B2-1760-4266-BCC7-CA923CBCF16C}") = "docker-compose", "docker-compose.dcproj", "{7170B4B0-AADC-4E78-8452-CBA3C6835FFF}"
EndProject
Project("{FAE04EC0-301F-11D3-BF4B-00C04F79EFBC}") = "MedQ.Teste", "..\MedQ.Teste\MedQ.Teste.csproj", "{FB6A2865-D627-42F9-AFA5-3A1C58DD06BE}"
EndProject
Global
	GlobalSection(SolutionConfigurationPlatforms) = preSolution
		Debug|Any CPU = Debug|Any CPU
		Release|Any CPU = Release|Any CPU
	EndGlobalSection
	GlobalSection(ProjectConfigurationPlatforms) = postSolution
		{7BFED330-62FF-4FCA-ACAC-0653E0B1146E}.Debug|Any CPU.ActiveCfg = Debug|Any CPU
		{7BFED330-62FF-4FCA-ACAC-0653E0B1146E}.Debug|Any CPU.Build.0 = Debug|Any CPU
		{7BFED330-62FF-4FCA-ACAC-0653E0B1146E}.Release|Any CPU.ActiveCfg = Release|Any CPU
		{7BFED330-62FF-4FCA-ACAC-0653E0B1146E}.Release|Any CPU.Build.0 = Release|Any CPU
		{87E517FF-C257-43CA-97E2-3AAE2BDB1D0A}.Debug|Any CPU.ActiveCfg = Debug|Any CPU
		{87E517FF-C257-43CA-97E2-3AAE2BDB1D0A}.Debug|Any CPU.Build.0 = Debug|Any CPU
		{87E517FF-C257-43CA-97E2-3AAE2BDB1D0A}.Release|Any CPU.ActiveCfg = Release|Any CPU
		{87E517FF-C257-43CA-97E2-3AAE2BDB1D0A}.Release|Any CPU.Build.0 = Release|Any CPU
		{D7B01E70-31CC-4D2E-A5F9-B7F83EDB6C78}.Debug|Any CPU.ActiveCfg = Debug|Any CPU
		{D7B01E70-31CC-4D2E-A5F9-B7F83EDB6C78}.Debug|Any CPU.Build.0 = Debug|Any CPU
		{D7B01E70-31CC-4D2E-A5F9-B7F83EDB6C78}.Release|Any CPU.ActiveCfg = Release|Any CPU
		{D7B01E70-31CC-4D2E-A5F9-B7F83EDB6C78}.Release|Any CPU.Build.0 = Release|Any CPU
		{DCDC953D-A8DC-49B7-877F-F59BAAFEA73E}.Debug|Any CPU.ActiveCfg = Debug|Any CPU
		{DCDC953D-A8DC-49B7-877F-F59BAAFEA73E}.Debug|Any CPU.Build.0 = Debug|Any CPU
		{DCDC953D-A8DC-49B7-877F-F59BAAFEA73E}.Release|Any CPU.ActiveCfg = Release|Any CPU
		{DCDC953D-A8DC-49B7-877F-F59BAAFEA73E}.Release|Any CPU.Build.0 = Release|Any CPU
		{6A6FB8B4-F2A6-4D16-95BB-F20288F39AD2}.Debug|Any CPU.ActiveCfg = Debug|Any CPU
		{6A6FB8B4-F2A6-4D16-95BB-F20288F39AD2}.Debug|Any CPU.Build.0 = Debug|Any CPU
		{6A6FB8B4-F2A6-4D16-95BB-F20288F39AD2}.Release|Any CPU.ActiveCfg = Release|Any CPU
		{6A6FB8B4-F2A6-4D16-95BB-F20288F39AD2}.Release|Any CPU.Build.0 = Release|Any CPU
		{7170B4B0-AADC-4E78-8452-CBA3C6835FFF}.Debug|Any CPU.ActiveCfg = Debug|Any CPU
		{7170B4B0-AADC-4E78-8452-CBA3C6835FFF}.Debug|Any CPU.Build.0 = Debug|Any CPU
		{7170B4B0-AADC-4E78-8452-CBA3C6835FFF}.Release|Any CPU.ActiveCfg = Release|Any CPU
		{7170B4B0-AADC-4E78-8452-CBA3C6835FFF}.Release|Any CPU.Build.0 = Release|Any CPU
		{FB6A2865-D627-42F9-AFA5-3A1C58DD06BE}.Debug|Any CPU.ActiveCfg = Debug|Any CPU
		{FB6A2865-D627-42F9-AFA5-3A1C58DD06BE}.Debug|Any CPU.Build.0 = Debug|Any CPU
		{FB6A2865-D627-42F9-AFA5-3A1C58DD06BE}.Release|Any CPU.ActiveCfg = Release|Any CPU
		{FB6A2865-D627-42F9-AFA5-3A1C58DD06BE}.Release|Any CPU.Build.0 = Release|Any CPU
	EndGlobalSection
	GlobalSection(SolutionProperties) = preSolution
		HideSolutionNode = FALSE
	EndGlobalSection
	GlobalSection(ExtensibilityGlobals) = postSolution
		SolutionGuid = {B999909A-5362-4C0D-87E8-1E57E9991A1A}
	EndGlobalSection
EndGlobal
